
Microsoft Visual Studio Solution File, Format Version 12.00
# Visual Studio 15
VisualStudioVersion = 15.0.28307.421
MinimumVisualStudioVersion = 10.0.40219.1
Project("{FAE04EC0-301F-11D3-BF4B-00C04F79EFBC}") = "ApiAngular", "ApiAngular\ApiAngular.csproj", "{702055EE-5BB8-4F19-9DA3-37E7991D830D}"
EndProject
Global
	GlobalSection(SolutionConfigurationPlatforms) = preSolution
		Debug|Any CPU = Debug|Any CPU
		Release|Any CPU = Release|Any CPU
	EndGlobalSection
	GlobalSection(ProjectConfigurationPlatforms) = postSolution
		{702055EE-5BB8-4F19-9DA3-37E7991D830D}.Debug|Any CPU.ActiveCfg = Debug|Any CPU
		{702055EE-5BB8-4F19-9DA3-37E7991D830D}.Debug|Any CPU.Build.0 = Debug|Any CPU
		{702055EE-5BB8-4F19-9DA3-37E7991D830D}.Release|Any CPU.ActiveCfg = Release|Any CPU
		{702055EE-5BB8-4F19-9DA3-37E7991D830D}.Release|Any CPU.Build.0 = Release|Any CPU
	EndGlobalSection
	GlobalSection(SolutionProperties) = preSolution
		HideSolutionNode = FALSE
	EndGlobalSection
	GlobalSection(ExtensibilityGlobals) = postSolution
		SolutionGuid = {354C6E77-F5AC-47F4-BACC-D656C5239D79}
	EndGlobalSection
EndGlobal
